
Microsoft Visual Studio Solution File, Format Version 12.00
# Visual Studio 15
VisualStudioVersion = 15.0.28010.2050
MinimumVisualStudioVersion = 10.0.40219.1
Project("{6870E480-7721-4708-BFB8-9AE898AA21B3}") = "CLA_Finance_BI", "CLA_Finance_BI.smproj", "{78560C83-9039-4F7F-B986-843FCF839E50}"
EndProject
Global
	GlobalSection(SolutionConfigurationPlatforms) = preSolution
		Development|x86 = Development|x86
	EndGlobalSection
	GlobalSection(ProjectConfigurationPlatforms) = postSolution
		{78560C83-9039-4F7F-B986-843FCF839E50}.Development|x86.ActiveCfg = Development|x86
		{78560C83-9039-4F7F-B986-843FCF839E50}.Development|x86.Build.0 = Development|x86
		{78560C83-9039-4F7F-B986-843FCF839E50}.Development|x86.Deploy.0 = Development|x86
	EndGlobalSection
	GlobalSection(SolutionProperties) = preSolution
		HideSolutionNode = FALSE
	EndGlobalSection
	GlobalSection(ExtensibilityGlobals) = postSolution
		SolutionGuid = {5A9B62AE-48CC-45EB-B138-F278F93A85F9}
	EndGlobalSection
EndGlobal
